<?xml version="1.0" encoding="utf-8"?>
<Project ToolsVersion="4.0" xmlns="http://schemas.microsoft.com/developer/msbuild/2003">
  <ItemGroup>
    <Filter Include="Header Files">
      <UniqueIdentifier>{8f16b6cf-9c28-44f7-b59a-f28f751c6271}</UniqueIdentifier>
    </Filter>
    <Filter Include="Source Files">
      <UniqueIdentifier>{2d680180-ca43-47cf-a800-390f1bb9e9ec}</UniqueIdentifier>
    </Filter>
  </ItemGroup>
  <ItemGroup>
    <ClInclude Include="..\..\sys\libqdma\include\qdma_exports.h">
      <Filter>Header Files</Filter>
    </ClInclude>
    <ClInclude Include="..\..\sys\libqdma\include\xversion.hpp">
      <Filter>Header Files</Filter>
    </ClInclude>
    <ClInclude Include="..\..\sys\libqdma\source\interrupts.hpp">
      <Filter>Header Files</Filter>
    </ClInclude>
    <ClInclude Include="..\..\sys\libqdma\source\qdma.h">
      <Filter>Header Files</Filter>
    </ClInclude>
    <ClInclude Include="..\..\sys\libqdma\source\qdma_config.h">
      <Filter>Header Files</Filter>
    </ClInclude>
    <ClInclude Include="..\..\sys\libqdma\source\qdma_license.h">
      <Filter>Header Files</Filter>
    </ClInclude>
    <ClInclude Include="..\..\sys\libqdma\source\qdma_platform_env.h">
      <Filter>Header Files</Filter>
    </ClInclude>
    <ClInclude Include="..\..\sys\libqdma\source\qdma_reg_ext.h">
      <Filter>Header Files</Filter>
    </ClInclude>
    <ClInclude Include="..\..\sys\libqdma\source\thread.h">
      <Filter>Header Files</Filter>
    </ClInclude>
    <ClInclude Include="..\..\sys\libqdma\source\trace.h">
      <Filter>Header Files</Filter>
    </ClInclude>
    <ClInclude Include="..\..\sys\libqdma\source\xpcie.hpp">
      <Filter>Header Files</Filter>
    </ClInclude>
    <ClInclude Include="..\..\..\qdma_access\qdma_access_common.h">
      <Filter>Header Files</Filter>
    </ClInclude>
    <ClInclude Include="..\..\..\qdma_access\qdma_access_errors.h">
      <Filter>Header Files</Filter>
    </ClInclude>
    <ClInclude Include="..\..\..\qdma_access\qdma_access_export.h">
      <Filter>Header Files</Filter>
    </ClInclude>
    <ClInclude Include="..\..\..\qdma_access\qdma_access_version.h">
      <Filter>Header Files</Filter>
    </ClInclude>
    <ClInclude Include="..\..\..\qdma_access\qdma_list.h">
      <Filter>Header Files</Filter>
    </ClInclude>
    <ClInclude Include="..\..\..\qdma_access\qdma_platform.h">
      <Filter>Header Files</Filter>
    </ClInclude>
    <ClInclude Include="..\..\..\qdma_access\qdma_reg_dump.h">
      <Filter>Header Files</Filter>
    </ClInclude>
    <ClInclude Include="..\..\..\qdma_access\qdma_resource_mgmt.h">
      <Filter>Header Files</Filter>
    </ClInclude>
    <ClInclude Include="..\..\..\qdma_access\eqdma_soft_access\eqdma_soft_access.h">
      <Filter>Header Files</Filter>
    </ClInclude>
    <ClInclude Include="..\..\..\qdma_access\eqdma_soft_access\eqdma_soft_reg.h">
      <Filter>Header Files</Filter>
    </ClInclude>
    <ClInclude Include="..\..\..\qdma_access\qdma_s80_hard_access\qdma_s80_hard_access.h">
      <Filter>Header Files</Filter>
    </ClInclude>
    <ClInclude Include="..\..\..\qdma_access\qdma_s80_hard_access\qdma_s80_hard_reg.h">
      <Filter>Header Files</Filter>
    </ClInclude>
    <ClInclude Include="..\..\..\qdma_access\qdma_soft_access\qdma_soft_access.h">
      <Filter>Header Files</Filter>
    </ClInclude>
    <ClInclude Include="..\..\..\qdma_access\qdma_soft_access\qdma_soft_reg.h">
      <Filter>Header Files</Filter>
    </ClInclude>
  </ItemGroup>
  <ItemGroup>
    <ClCompile Include="..\..\..\qdma_access\qdma_soft_access\qdma_soft_access.c">
      <Filter>Source Files</Filter>
    </ClCompile>
    <ClCompile Include="..\..\..\qdma_access\qdma_s80_hard_access\qdma_s80_hard_access.c">
      <Filter>Source Files</Filter>
    </ClCompile>
    <ClCompile Include="..\..\..\qdma_access\eqdma_soft_access\eqdma_soft_access.c">
      <Filter>Source Files</Filter>
    </ClCompile>
    <ClCompile Include="..\..\..\qdma_access\qdma_access_common.c">
      <Filter>Source Files</Filter>
    </ClCompile>
    <ClCompile Include="..\..\..\qdma_access\qdma_list.c">
      <Filter>Source Files</Filter>
    </ClCompile>
    <ClCompile Include="..\..\..\qdma_access\qdma_resource_mgmt.c">
      <Filter>Source Files</Filter>
    </ClCompile>
    <ClCompile Include="..\..\sys\libqdma\source\interrupts.cpp">
      <Filter>Source Files</Filter>
    </ClCompile>
    <ClCompile Include="..\..\sys\libqdma\source\qdma.cpp">
      <Filter>Source Files</Filter>
    </ClCompile>
    <ClCompile Include="..\..\sys\libqdma\source\qdma_platform.cpp">
      <Filter>Source Files</Filter>
    </ClCompile>
    <ClCompile Include="..\..\sys\libqdma\source\thread.cpp">
      <Filter>Source Files</Filter>
    </ClCompile>
    <ClCompile Include="..\..\sys\libqdma\source\xpcie.cpp">
      <Filter>Source Files</Filter>
    </ClCompile>
  </ItemGroup>
</Project>